
Microsoft Visual Studio Solution File, Format Version 12.00
# Visual Studio Version 17
VisualStudioVersion = 17.5.002.0
MinimumVisualStudioVersion = 10.0.40219.1
Project("{9A19103F-16F7-4668-BE54-9A1E7A4F7556}") = "user-management-api", "user-management-api.csproj", "{2CF3E4D4-0E06-4663-9070-109A5AA8D6C9}"
EndProject
Global
	GlobalSection(SolutionConfigurationPlatforms) = preSolution
		Debug|Any CPU = Debug|Any CPU
		Release|Any CPU = Release|Any CPU
	EndGlobalSection
	GlobalSection(ProjectConfigurationPlatforms) = postSolution
		{2CF3E4D4-0E06-4663-9070-109A5AA8D6C9}.Debug|Any CPU.ActiveCfg = Debug|Any CPU
		{2CF3E4D4-0E06-4663-9070-109A5AA8D6C9}.Debug|Any CPU.Build.0 = Debug|Any CPU
		{2CF3E4D4-0E06-4663-9070-109A5AA8D6C9}.Release|Any CPU.ActiveCfg = Release|Any CPU
		{2CF3E4D4-0E06-4663-9070-109A5AA8D6C9}.Release|Any CPU.Build.0 = Release|Any CPU
	EndGlobalSection
	GlobalSection(SolutionProperties) = preSolution
		HideSolutionNode = FALSE
	EndGlobalSection
	GlobalSection(ExtensibilityGlobals) = postSolution
		SolutionGuid = {07AD3CC6-7941-422E-8677-A36C7262B85A}
	EndGlobalSection
EndGlobal
